// !$*UTF8*$!
{
	archiveVersion = 1;
	classes = {
	};
	objectVersion = 46;
	objects = {

/* Begin PBXBuildFile section */
		222EE33F1EA778DF001F707B /* GMNearbySellerTableViewCell.m in Sources */ = {isa = PBXBuildFile; fileRef = 222EE33E1EA778DF001F707B /* GMNearbySellerTableViewCell.m */; };
		222FC7071EAB450400DE91EB /* GMCarouselCell.m in Sources */ = {isa = PBXBuildFile; fileRef = 222FC7061EAB450400DE91EB /* GMCarouselCell.m */; };
		222FC70D1EAB4C0600DE91EB /* GMMerchantItem.m in Sources */ = {isa = PBXBuildFile; fileRef = 222FC70C1EAB4C0600DE91EB /* GMMerchantItem.m */; };
		222FC7101EAB4CBE00DE91EB /* GMMerchantData.m in Sources */ = {isa = PBXBuildFile; fileRef = 222FC70F1EAB4CBE00DE91EB /* GMMerchantData.m */; };
		222FC7171EAB4E1600DE91EB /* GMDetailMerchantViewController.m in Sources */ = {isa = PBXBuildFile; fileRef = 222FC7161EAB4E1600DE91EB /* GMDetailMerchantViewController.m */; };
		222FC71C1EAB4EB100DE91EB /* GMDetailMerchantTableViewCell.xib in Resources */ = {isa = PBXBuildFile; fileRef = 222FC71B1EAB4EB100DE91EB /* GMDetailMerchantTableViewCell.xib */; };
		222FC71F1EAB50B700DE91EB /* GMPriceTableViewCell.m in Sources */ = {isa = PBXBuildFile; fileRef = 222FC71E1EAB50B700DE91EB /* GMPriceTableViewCell.m */; };
		222FC7221EAB50D800DE91EB /* GMInfoTableViewCell.m in Sources */ = {isa = PBXBuildFile; fileRef = 222FC7211EAB50D800DE91EB /* GMInfoTableViewCell.m */; };
		222FC7251EAB86D900DE91EB /* GMMyHeadTableViewCell.m in Sources */ = {isa = PBXBuildFile; fileRef = 222FC7241EAB86D900DE91EB /* GMMyHeadTableViewCell.m */; };
		222FC7271EAB88BB00DE91EB /* MyHeadView.xib in Resources */ = {isa = PBXBuildFile; fileRef = 222FC7261EAB88BB00DE91EB /* MyHeadView.xib */; };
		222FC72B1EAC4E0A00DE91EB /* GMUserDefaults.m in Sources */ = {isa = PBXBuildFile; fileRef = 222FC72A1EAC4E0A00DE91EB /* GMUserDefaults.m */; };
		222FC7301EAC511700DE91EB /* GMLocation.m in Sources */ = {isa = PBXBuildFile; fileRef = 222FC72F1EAC511700DE91EB /* GMLocation.m */; };
		227C01701E9CDB9200E05BF9 /* main.m in Sources */ = {isa = PBXBuildFile; fileRef = 227C016F1E9CDB9200E05BF9 /* main.m */; };
		227C01731E9CDB9200E05BF9 /* AppDelegate.m in Sources */ = {isa = PBXBuildFile; fileRef = 227C01721E9CDB9200E05BF9 /* AppDelegate.m */; };
		227C017B1E9CDB9200E05BF9 /* Assets.xcassets in Resources */ = {isa = PBXBuildFile; fileRef = 227C017A1E9CDB9200E05BF9 /* Assets.xcassets */; };
		227C017E1E9CDB9200E05BF9 /* LaunchScreen.storyboard in Resources */ = {isa = PBXBuildFile; fileRef = 227C017C1E9CDB9200E05BF9 /* LaunchScreen.storyboard */; };
		227C01891E9CDB9200E05BF9 /* AyitRestaurantBuyerTests.m in Sources */ = {isa = PBXBuildFile; fileRef = 227C01881E9CDB9200E05BF9 /* AyitRestaurantBuyerTests.m */; };
		227C01941E9CDB9200E05BF9 /* AyitRestaurantBuyerUITests.m in Sources */ = {isa = PBXBuildFile; fileRef = 227C01931E9CDB9200E05BF9 /* AyitRestaurantBuyerUITests.m */; };
		227C01AC1E9CDC3A00E05BF9 /* GMTabBarViewController.m in Sources */ = {isa = PBXBuildFile; fileRef = 227C01AB1E9CDC3A00E05BF9 /* GMTabBarViewController.m */; };
		227C01C01E9CDFFF00E05BF9 /* GMOrderManagementTableViewController.m in Sources */ = {isa = PBXBuildFile; fileRef = 227C01BF1E9CDFFF00E05BF9 /* GMOrderManagementTableViewController.m */; };
		227C01C31E9CE07000E05BF9 /* GMMyViewController.m in Sources */ = {isa = PBXBuildFile; fileRef = 227C01C21E9CE07000E05BF9 /* GMMyViewController.m */; };
		227C01C61E9CE08C00E05BF9 /* GMNearbyViewController.m in Sources */ = {isa = PBXBuildFile; fileRef = 227C01C51E9CE08C00E05BF9 /* GMNearbyViewController.m */; };
		227C01C91E9CE0A600E05BF9 /* GMHomeViewController.m in Sources */ = {isa = PBXBuildFile; fileRef = 227C01C81E9CE0A600E05BF9 /* GMHomeViewController.m */; };
		227C01CC1E9CE24C00E05BF9 /* GMNavigationViewController.m in Sources */ = {isa = PBXBuildFile; fileRef = 227C01CB1E9CE24C00E05BF9 /* GMNavigationViewController.m */; };
		228868881EA70B4F00564E0F /* ForgetPasswordViewController.m in Sources */ = {isa = PBXBuildFile; fileRef = 228868831EA70B4F00564E0F /* ForgetPasswordViewController.m */; };
		228868891EA70B4F00564E0F /* LoginViewController.m in Sources */ = {isa = PBXBuildFile; fileRef = 228868851EA70B4F00564E0F /* LoginViewController.m */; };
		2288688A1EA70B4F00564E0F /* RegisterViewController.m in Sources */ = {isa = PBXBuildFile; fileRef = 228868871EA70B4F00564E0F /* RegisterViewController.m */; };
		2288688D1EA70B8A00564E0F /* AccountItem.m in Sources */ = {isa = PBXBuildFile; fileRef = 2288688C1EA70B8A00564E0F /* AccountItem.m */; };
		228868931EA72F5900564E0F /* GMGoodsTableViewCell.m in Sources */ = {isa = PBXBuildFile; fileRef = 228868921EA72F5900564E0F /* GMGoodsTableViewCell.m */; };
		22D97C271EAF577C003B242B /* GMHTTPNetworking.m in Sources */ = {isa = PBXBuildFile; fileRef = 22D97C261EAF577C003B242B /* GMHTTPNetworking.m */; };
		2CC7721E0E121A7230AEDED6 /* Pods_AyitRestaurantBuyer.framework in Frameworks */ = {isa = PBXBuildFile; fileRef = 9583783A807C538F5D62DED2 /* Pods_AyitRestaurantBuyer.framework */; };
		6B0B45DE14AA43E08B1DE083 /* Pods_AyitRestaurantBuyerUITests.framework in Frameworks */ = {isa = PBXBuildFile; fileRef = E8DE97FA91C60B524BDD0DE5 /* Pods_AyitRestaurantBuyerUITests.framework */; };
		A9C1DD3835A4B4080D8B9361 /* Pods_AyitRestaurantBuyerTests.framework in Frameworks */ = {isa = PBXBuildFile; fileRef = AE2DE3FA2CBD529901CA3E67 /* Pods_AyitRestaurantBuyerTests.framework */; };
		F36BF0D61EAF9E6900E2D9D6 /* RegisterViewController.xib in Resources */ = {isa = PBXBuildFile; fileRef = F36BF0D51EAF9E6900E2D9D6 /* RegisterViewController.xib */; };
/* End PBXBuildFile section */

/* Begin PBXContainerItemProxy section */
		227C01851E9CDB9200E05BF9 /* PBXContainerItemProxy */ = {
			isa = PBXContainerItemProxy;
			containerPortal = 227C01631E9CDB9200E05BF9 /* Project object */;
			proxyType = 1;
			remoteGlobalIDString = 227C016A1E9CDB9200E05BF9;
			remoteInfo = AyitRestaurantBuyer;
		};
		227C01901E9CDB9200E05BF9 /* PBXContainerItemProxy */ = {
			isa = PBXContainerItemProxy;
			containerPortal = 227C01631E9CDB9200E05BF9 /* Project object */;
			proxyType = 1;
			remoteGlobalIDString = 227C016A1E9CDB9200E05BF9;
			remoteInfo = AyitRestaurantBuyer;
		};
/* End PBXContainerItemProxy section */

/* Begin PBXFileReference section */
		124FF92E633F796139CAE215 /* Pods-AyitRestaurantBuyerUITests.debug.xcconfig */ = {isa = PBXFileReference; includeInIndex = 1; lastKnownFileType = text.xcconfig; name = "Pods-AyitRestaurantBuyerUITests.debug.xcconfig"; path = "Pods/Target Support Files/Pods-AyitRestaurantBuyerUITests/Pods-AyitRestaurantBuyerUITests.debug.xcconfig"; sourceTree = "<group>"; };
		222EE33D1EA778DF001F707B /* GMNearbySellerTableViewCell.h */ = {isa = PBXFileReference; fileEncoding = 4; lastKnownFileType = sourcecode.c.h; name = GMNearbySellerTableViewCell.h; path = Classes/Nearby/View/GMNearbySellerTableViewCell.h; sourceTree = "<group>"; };
		222EE33E1EA778DF001F707B /* GMNearbySellerTableViewCell.m */ = {isa = PBXFileReference; fileEncoding = 4; lastKnownFileType = sourcecode.c.objc; name = GMNearbySellerTableViewCell.m; path = Classes/Nearby/View/GMNearbySellerTableViewCell.m; sourceTree = "<group>"; };
		222FC7051EAB450400DE91EB /* GMCarouselCell.h */ = {isa = PBXFileReference; fileEncoding = 4; lastKnownFileType = sourcecode.c.h; name = GMCarouselCell.h; path = Classes/Home/View/GMCarouselCell.h; sourceTree = "<group>"; };
		222FC7061EAB450400DE91EB /* GMCarouselCell.m */ = {isa = PBXFileReference; fileEncoding = 4; lastKnownFileType = sourcecode.c.objc; name = GMCarouselCell.m; path = Classes/Home/View/GMCarouselCell.m; sourceTree = "<group>"; };
		222FC70B1EAB4C0600DE91EB /* GMMerchantItem.h */ = {isa = PBXFileReference; fileEncoding = 4; lastKnownFileType = sourcecode.c.h; name = GMMerchantItem.h; path = Classes/Nearby/Model/GMMerchantItem.h; sourceTree = "<group>"; };
		222FC70C1EAB4C0600DE91EB /* GMMerchantItem.m */ = {isa = PBXFileReference; fileEncoding = 4; lastKnownFileType = sourcecode.c.objc; name = GMMerchantItem.m; path = Classes/Nearby/Model/GMMerchantItem.m; sourceTree = "<group>"; };
		222FC70E1EAB4CBE00DE91EB /* GMMerchantData.h */ = {isa = PBXFileReference; fileEncoding = 4; lastKnownFileType = sourcecode.c.h; name = GMMerchantData.h; path = Classes/Nearby/Model/GMMerchantData.h; sourceTree = "<group>"; };
		222FC70F1EAB4CBE00DE91EB /* GMMerchantData.m */ = {isa = PBXFileReference; fileEncoding = 4; lastKnownFileType = sourcecode.c.objc; name = GMMerchantData.m; path = Classes/Nearby/Model/GMMerchantData.m; sourceTree = "<group>"; };
		222FC7151EAB4E1600DE91EB /* GMDetailMerchantViewController.h */ = {isa = PBXFileReference; fileEncoding = 4; lastKnownFileType = sourcecode.c.h; name = GMDetailMerchantViewController.h; path = Classes/Nearby/DetailMerchant/Controller/GMDetailMerchantViewController.h; sourceTree = "<group>"; };
		222FC7161EAB4E1600DE91EB /* GMDetailMerchantViewController.m */ = {isa = PBXFileReference; fileEncoding = 4; lastKnownFileType = sourcecode.c.objc; name = GMDetailMerchantViewController.m; path = Classes/Nearby/DetailMerchant/Controller/GMDetailMerchantViewController.m; sourceTree = "<group>"; };
		222FC71B1EAB4EB100DE91EB /* GMDetailMerchantTableViewCell.xib */ = {isa = PBXFileReference; fileEncoding = 4; lastKnownFileType = file.xib; name = GMDetailMerchantTableViewCell.xib; path = Classes/Nearby/DetailMerchant/View/GMDetailMerchantTableViewCell.xib; sourceTree = "<group>"; };
		222FC71D1EAB50B700DE91EB /* GMPriceTableViewCell.h */ = {isa = PBXFileReference; fileEncoding = 4; lastKnownFileType = sourcecode.c.h; name = GMPriceTableViewCell.h; path = Classes/Nearby/View/GMPriceTableViewCell.h; sourceTree = "<group>"; };
		222FC71E1EAB50B700DE91EB /* GMPriceTableViewCell.m */ = {isa = PBXFileReference; fileEncoding = 4; lastKnownFileType = sourcecode.c.objc; name = GMPriceTableViewCell.m; path = Classes/Nearby/View/GMPriceTableViewCell.m; sourceTree = "<group>"; };
		222FC7201EAB50D800DE91EB /* GMInfoTableViewCell.h */ = {isa = PBXFileReference; fileEncoding = 4; lastKnownFileType = sourcecode.c.h; name = GMInfoTableViewCell.h; path = Classes/Nearby/View/GMInfoTableViewCell.h; sourceTree = "<group>"; };
		222FC7211EAB50D800DE91EB /* GMInfoTableViewCell.m */ = {isa = PBXFileReference; fileEncoding = 4; lastKnownFileType = sourcecode.c.objc; name = GMInfoTableViewCell.m; path = Classes/Nearby/View/GMInfoTableViewCell.m; sourceTree = "<group>"; };
		222FC7231EAB86D900DE91EB /* GMMyHeadTableViewCell.h */ = {isa = PBXFileReference; fileEncoding = 4; lastKnownFileType = sourcecode.c.h; name = GMMyHeadTableViewCell.h; path = Classes/My/View/GMMyHeadTableViewCell.h; sourceTree = "<group>"; };
		222FC7241EAB86D900DE91EB /* GMMyHeadTableViewCell.m */ = {isa = PBXFileReference; fileEncoding = 4; lastKnownFileType = sourcecode.c.objc; name = GMMyHeadTableViewCell.m; path = Classes/My/View/GMMyHeadTableViewCell.m; sourceTree = "<group>"; };
		222FC7261EAB88BB00DE91EB /* MyHeadView.xib */ = {isa = PBXFileReference; fileEncoding = 4; lastKnownFileType = file.xib; name = MyHeadView.xib; path = Classes/My/View/MyHeadView.xib; sourceTree = "<group>"; };
		222FC7291EAC4E0A00DE91EB /* GMUserDefaults.h */ = {isa = PBXFileReference; fileEncoding = 4; lastKnownFileType = sourcecode.c.h; name = GMUserDefaults.h; path = Classes/Helper/DB/GMUserDefaults.h; sourceTree = "<group>"; };
		222FC72A1EAC4E0A00DE91EB /* GMUserDefaults.m */ = {isa = PBXFileReference; fileEncoding = 4; lastKnownFileType = sourcecode.c.objc; name = GMUserDefaults.m; path = Classes/Helper/DB/GMUserDefaults.m; sourceTree = "<group>"; };
		222FC72E1EAC511700DE91EB /* GMLocation.h */ = {isa = PBXFileReference; fileEncoding = 4; lastKnownFileType = sourcecode.c.h; name = GMLocation.h; path = Classes/Helper/Location/GMLocation.h; sourceTree = "<group>"; };
		222FC72F1EAC511700DE91EB /* GMLocation.m */ = {isa = PBXFileReference; fileEncoding = 4; lastKnownFileType = sourcecode.c.objc; name = GMLocation.m; path = Classes/Helper/Location/GMLocation.m; sourceTree = "<group>"; };
		227C016B1E9CDB9200E05BF9 /* AyitRestaurantBuyer.app */ = {isa = PBXFileReference; explicitFileType = wrapper.application; includeInIndex = 0; path = AyitRestaurantBuyer.app; sourceTree = BUILT_PRODUCTS_DIR; };
		227C016F1E9CDB9200E05BF9 /* main.m */ = {isa = PBXFileReference; lastKnownFileType = sourcecode.c.objc; path = main.m; sourceTree = "<group>"; };
		227C01711E9CDB9200E05BF9 /* AppDelegate.h */ = {isa = PBXFileReference; lastKnownFileType = sourcecode.c.h; path = AppDelegate.h; sourceTree = "<group>"; };
		227C01721E9CDB9200E05BF9 /* AppDelegate.m */ = {isa = PBXFileReference; lastKnownFileType = sourcecode.c.objc; path = AppDelegate.m; sourceTree = "<group>"; };
		227C017A1E9CDB9200E05BF9 /* Assets.xcassets */ = {isa = PBXFileReference; lastKnownFileType = folder.assetcatalog; path = Assets.xcassets; sourceTree = "<group>"; };
		227C017D1E9CDB9200E05BF9 /* Base */ = {isa = PBXFileReference; lastKnownFileType = file.storyboard; name = Base; path = Base.lproj/LaunchScreen.storyboard; sourceTree = "<group>"; };
		227C017F1E9CDB9200E05BF9 /* Info.plist */ = {isa = PBXFileReference; lastKnownFileType = text.plist.xml; path = Info.plist; sourceTree = "<group>"; };
		227C01841E9CDB9200E05BF9 /* AyitRestaurantBuyerTests.xctest */ = {isa = PBXFileReference; explicitFileType = wrapper.cfbundle; includeInIndex = 0; path = AyitRestaurantBuyerTests.xctest; sourceTree = BUILT_PRODUCTS_DIR; };
		227C01881E9CDB9200E05BF9 /* AyitRestaurantBuyerTests.m */ = {isa = PBXFileReference; lastKnownFileType = sourcecode.c.objc; path = AyitRestaurantBuyerTests.m; sourceTree = "<group>"; };
		227C018A1E9CDB9200E05BF9 /* Info.plist */ = {isa = PBXFileReference; lastKnownFileType = text.plist.xml; path = Info.plist; sourceTree = "<group>"; };
		227C018F1E9CDB9200E05BF9 /* AyitRestaurantBuyerUITests.xctest */ = {isa = PBXFileReference; explicitFileType = wrapper.cfbundle; includeInIndex = 0; path = AyitRestaurantBuyerUITests.xctest; sourceTree = BUILT_PRODUCTS_DIR; };
		227C01931E9CDB9200E05BF9 /* AyitRestaurantBuyerUITests.m */ = {isa = PBXFileReference; lastKnownFileType = sourcecode.c.objc; path = AyitRestaurantBuyerUITests.m; sourceTree = "<group>"; };
		227C01951E9CDB9200E05BF9 /* Info.plist */ = {isa = PBXFileReference; lastKnownFileType = text.plist.xml; path = Info.plist; sourceTree = "<group>"; };
		227C01AA1E9CDC3A00E05BF9 /* GMTabBarViewController.h */ = {isa = PBXFileReference; fileEncoding = 4; lastKnownFileType = sourcecode.c.h; name = GMTabBarViewController.h; path = Classes/Main/Controller/GMTabBarViewController.h; sourceTree = "<group>"; };
		227C01AB1E9CDC3A00E05BF9 /* GMTabBarViewController.m */ = {isa = PBXFileReference; fileEncoding = 4; lastKnownFileType = sourcecode.c.objc; name = GMTabBarViewController.m; path = Classes/Main/Controller/GMTabBarViewController.m; sourceTree = "<group>"; };
		227C01BE1E9CDFFF00E05BF9 /* GMOrderManagementTableViewController.h */ = {isa = PBXFileReference; fileEncoding = 4; lastKnownFileType = sourcecode.c.h; name = GMOrderManagementTableViewController.h; path = Classes/OrderManagement/Controller/GMOrderManagementTableViewController.h; sourceTree = "<group>"; };
		227C01BF1E9CDFFF00E05BF9 /* GMOrderManagementTableViewController.m */ = {isa = PBXFileReference; fileEncoding = 4; lastKnownFileType = sourcecode.c.objc; name = GMOrderManagementTableViewController.m; path = Classes/OrderManagement/Controller/GMOrderManagementTableViewController.m; sourceTree = "<group>"; };
		227C01C11E9CE07000E05BF9 /* GMMyViewController.h */ = {isa = PBXFileReference; fileEncoding = 4; lastKnownFileType = sourcecode.c.h; name = GMMyViewController.h; path = Classes/My/Controller/GMMyViewController.h; sourceTree = "<group>"; };
		227C01C21E9CE07000E05BF9 /* GMMyViewController.m */ = {isa = PBXFileReference; fileEncoding = 4; lastKnownFileType = sourcecode.c.objc; name = GMMyViewController.m; path = Classes/My/Controller/GMMyViewController.m; sourceTree = "<group>"; };
		227C01C41E9CE08C00E05BF9 /* GMNearbyViewController.h */ = {isa = PBXFileReference; fileEncoding = 4; lastKnownFileType = sourcecode.c.h; name = GMNearbyViewController.h; path = Classes/Nearby/Controller/GMNearbyViewController.h; sourceTree = "<group>"; };
		227C01C51E9CE08C00E05BF9 /* GMNearbyViewController.m */ = {isa = PBXFileReference; fileEncoding = 4; lastKnownFileType = sourcecode.c.objc; name = GMNearbyViewController.m; path = Classes/Nearby/Controller/GMNearbyViewController.m; sourceTree = "<group>"; };
		227C01C71E9CE0A600E05BF9 /* GMHomeViewController.h */ = {isa = PBXFileReference; fileEncoding = 4; lastKnownFileType = sourcecode.c.h; name = GMHomeViewController.h; path = Classes/Home/Controller/GMHomeViewController.h; sourceTree = "<group>"; };
		227C01C81E9CE0A600E05BF9 /* GMHomeViewController.m */ = {isa = PBXFileReference; fileEncoding = 4; lastKnownFileType = sourcecode.c.objc; name = GMHomeViewController.m; path = Classes/Home/Controller/GMHomeViewController.m; sourceTree = "<group>"; };
		227C01CA1E9CE24C00E05BF9 /* GMNavigationViewController.h */ = {isa = PBXFileReference; fileEncoding = 4; lastKnownFileType = sourcecode.c.h; name = GMNavigationViewController.h; path = Classes/Main/Controller/GMNavigationViewController.h; sourceTree = "<group>"; };
		227C01CB1E9CE24C00E05BF9 /* GMNavigationViewController.m */ = {isa = PBXFileReference; fileEncoding = 4; lastKnownFileType = sourcecode.c.objc; name = GMNavigationViewController.m; path = Classes/Main/Controller/GMNavigationViewController.m; sourceTree = "<group>"; };
		228868821EA70B4F00564E0F /* ForgetPasswordViewController.h */ = {isa = PBXFileReference; fileEncoding = 4; lastKnownFileType = sourcecode.c.h; name = ForgetPasswordViewController.h; path = Classes/Login/Controller/ForgetPasswordViewController.h; sourceTree = "<group>"; };
		228868831EA70B4F00564E0F /* ForgetPasswordViewController.m */ = {isa = PBXFileReference; fileEncoding = 4; lastKnownFileType = sourcecode.c.objc; name = ForgetPasswordViewController.m; path = Classes/Login/Controller/ForgetPasswordViewController.m; sourceTree = "<group>"; };
		228868841EA70B4F00564E0F /* LoginViewController.h */ = {isa = PBXFileReference; fileEncoding = 4; lastKnownFileType = sourcecode.c.h; name = LoginViewController.h; path = Classes/Login/Controller/LoginViewController.h; sourceTree = "<group>"; };
		228868851EA70B4F00564E0F /* LoginViewController.m */ = {isa = PBXFileReference; fileEncoding = 4; lastKnownFileType = sourcecode.c.objc; name = LoginViewController.m; path = Classes/Login/Controller/LoginViewController.m; sourceTree = "<group>"; };
		228868861EA70B4F00564E0F /* RegisterViewController.h */ = {isa = PBXFileReference; fileEncoding = 4; lastKnownFileType = sourcecode.c.h; name = RegisterViewController.h; path = Classes/Login/Controller/RegisterViewController.h; sourceTree = "<group>"; };
		228868871EA70B4F00564E0F /* RegisterViewController.m */ = {isa = PBXFileReference; fileEncoding = 4; lastKnownFileType = sourcecode.c.objc; name = RegisterViewController.m; path = Classes/Login/Controller/RegisterViewController.m; sourceTree = "<group>"; };
		2288688B1EA70B8A00564E0F /* AccountItem.h */ = {isa = PBXFileReference; fileEncoding = 4; lastKnownFileType = sourcecode.c.h; name = AccountItem.h; path = Classes/Login/Model/AccountItem.h; sourceTree = "<group>"; };
		2288688C1EA70B8A00564E0F /* AccountItem.m */ = {isa = PBXFileReference; fileEncoding = 4; lastKnownFileType = sourcecode.c.objc; name = AccountItem.m; path = Classes/Login/Model/AccountItem.m; sourceTree = "<group>"; };
		228868911EA72F5900564E0F /* GMGoodsTableViewCell.h */ = {isa = PBXFileReference; fileEncoding = 4; lastKnownFileType = sourcecode.c.h; name = GMGoodsTableViewCell.h; path = Classes/Home/View/GMGoodsTableViewCell.h; sourceTree = "<group>"; };
		228868921EA72F5900564E0F /* GMGoodsTableViewCell.m */ = {isa = PBXFileReference; fileEncoding = 4; lastKnownFileType = sourcecode.c.objc; name = GMGoodsTableViewCell.m; path = Classes/Home/View/GMGoodsTableViewCell.m; sourceTree = "<group>"; };
		22D97C251EAF577C003B242B /* GMHTTPNetworking.h */ = {isa = PBXFileReference; fileEncoding = 4; lastKnownFileType = sourcecode.c.h; name = GMHTTPNetworking.h; path = Classes/Helper/Networking/GMHTTPNetworking.h; sourceTree = "<group>"; };
		22D97C261EAF577C003B242B /* GMHTTPNetworking.m */ = {isa = PBXFileReference; fileEncoding = 4; lastKnownFileType = sourcecode.c.objc; name = GMHTTPNetworking.m; path = Classes/Helper/Networking/GMHTTPNetworking.m; sourceTree = "<group>"; };
		7BDFF6CEA6649915D3D7BD45 /* Pods-AyitRestaurantBuyerTests.release.xcconfig */ = {isa = PBXFileReference; includeInIndex = 1; lastKnownFileType = text.xcconfig; name = "Pods-AyitRestaurantBuyerTests.release.xcconfig"; path = "Pods/Target Support Files/Pods-AyitRestaurantBuyerTests/Pods-AyitRestaurantBuyerTests.release.xcconfig"; sourceTree = "<group>"; };
		8D1B13B7296F37E97F9EB0D8 /* Pods-AyitRestaurantBuyer.release.xcconfig */ = {isa = PBXFileReference; includeInIndex = 1; lastKnownFileType = text.xcconfig; name = "Pods-AyitRestaurantBuyer.release.xcconfig"; path = "Pods/Target Support Files/Pods-AyitRestaurantBuyer/Pods-AyitRestaurantBuyer.release.xcconfig"; sourceTree = "<group>"; };
		9583783A807C538F5D62DED2 /* Pods_AyitRestaurantBuyer.framework */ = {isa = PBXFileReference; explicitFileType = wrapper.framework; includeInIndex = 0; path = Pods_AyitRestaurantBuyer.framework; sourceTree = BUILT_PRODUCTS_DIR; };
		9B7C3D4FB46BE7D8A7E0FE9E /* Pods-AyitRestaurantBuyerTests.debug.xcconfig */ = {isa = PBXFileReference; includeInIndex = 1; lastKnownFileType = text.xcconfig; name = "Pods-AyitRestaurantBuyerTests.debug.xcconfig"; path = "Pods/Target Support Files/Pods-AyitRestaurantBuyerTests/Pods-AyitRestaurantBuyerTests.debug.xcconfig"; sourceTree = "<group>"; };
		AE2DE3FA2CBD529901CA3E67 /* Pods_AyitRestaurantBuyerTests.framework */ = {isa = PBXFileReference; explicitFileType = wrapper.framework; includeInIndex = 0; path = Pods_AyitRestaurantBuyerTests.framework; sourceTree = BUILT_PRODUCTS_DIR; };
		D5000C32C2224A3CC21F6E51 /* Pods-AyitRestaurantBuyerUITests.release.xcconfig */ = {isa = PBXFileReference; includeInIndex = 1; lastKnownFileType = text.xcconfig; name = "Pods-AyitRestaurantBuyerUITests.release.xcconfig"; path = "Pods/Target Support Files/Pods-AyitRestaurantBuyerUITests/Pods-AyitRestaurantBuyerUITests.release.xcconfig"; sourceTree = "<group>"; };
		E8DE97FA91C60B524BDD0DE5 /* Pods_AyitRestaurantBuyerUITests.framework */ = {isa = PBXFileReference; explicitFileType = wrapper.framework; includeInIndex = 0; path = Pods_AyitRestaurantBuyerUITests.framework; sourceTree = BUILT_PRODUCTS_DIR; };
		F21061536E077872014A33BD /* Pods-AyitRestaurantBuyer.debug.xcconfig */ = {isa = PBXFileReference; includeInIndex = 1; lastKnownFileType = text.xcconfig; name = "Pods-AyitRestaurantBuyer.debug.xcconfig"; path = "Pods/Target Support Files/Pods-AyitRestaurantBuyer/Pods-AyitRestaurantBuyer.debug.xcconfig"; sourceTree = "<group>"; };
		F36BF0D51EAF9E6900E2D9D6 /* RegisterViewController.xib */ = {isa = PBXFileReference; fileEncoding = 4; lastKnownFileType = file.xib; name = RegisterViewController.xib; path = Classes/Login/Controller/RegisterViewController.xib; sourceTree = "<group>"; };
/* End PBXFileReference section */

/* Begin PBXFrameworksBuildPhase section */
		227C01681E9CDB9200E05BF9 /* Frameworks */ = {
			isa = PBXFrameworksBuildPhase;
			buildActionMask = 2147483647;
			files = (
				2CC7721E0E121A7230AEDED6 /* Pods_AyitRestaurantBuyer.framework in Frameworks */,
			);
			runOnlyForDeploymentPostprocessing = 0;
		};
		227C01811E9CDB9200E05BF9 /* Frameworks */ = {
			isa = PBXFrameworksBuildPhase;
			buildActionMask = 2147483647;
			files = (
				A9C1DD3835A4B4080D8B9361 /* Pods_AyitRestaurantBuyerTests.framework in Frameworks */,
			);
			runOnlyForDeploymentPostprocessing = 0;
		};
		227C018C1E9CDB9200E05BF9 /* Frameworks */ = {
			isa = PBXFrameworksBuildPhase;
			buildActionMask = 2147483647;
			files = (
				6B0B45DE14AA43E08B1DE083 /* Pods_AyitRestaurantBuyerUITests.framework in Frameworks */,
			);
			runOnlyForDeploymentPostprocessing = 0;
		};
/* End PBXFrameworksBuildPhase section */

/* Begin PBXGroup section */
		222FC7111EAB4DCE00DE91EB /* DetailMerchant */ = {
			isa = PBXGroup;
			children = (
				222FC7141EAB4DEC00DE91EB /* Model */,
				222FC7131EAB4DE800DE91EB /* View */,
				222FC7121EAB4DE300DE91EB /* Controller */,
			);
			name = DetailMerchant;
			sourceTree = "<group>";
		};
		222FC7121EAB4DE300DE91EB /* Controller */ = {
			isa = PBXGroup;
			children = (
				222FC7151EAB4E1600DE91EB /* GMDetailMerchantViewController.h */,
				222FC7161EAB4E1600DE91EB /* GMDetailMerchantViewController.m */,
			);
			name = Controller;
			sourceTree = "<group>";
		};
		222FC7131EAB4DE800DE91EB /* View */ = {
			isa = PBXGroup;
			children = (
				222FC71B1EAB4EB100DE91EB /* GMDetailMerchantTableViewCell.xib */,
				222FC71D1EAB50B700DE91EB /* GMPriceTableViewCell.h */,
				222FC71E1EAB50B700DE91EB /* GMPriceTableViewCell.m */,
				222FC7201EAB50D800DE91EB /* GMInfoTableViewCell.h */,
				222FC7211EAB50D800DE91EB /* GMInfoTableViewCell.m */,
			);
			name = View;
			sourceTree = "<group>";
		};
		222FC7141EAB4DEC00DE91EB /* Model */ = {
			isa = PBXGroup;
			children = (
			);
			name = Model;
			sourceTree = "<group>";
		};
		222FC7281EAC4DF000DE91EB /* DB */ = {
			isa = PBXGroup;
			children = (
				222FC7291EAC4E0A00DE91EB /* GMUserDefaults.h */,
				222FC72A1EAC4E0A00DE91EB /* GMUserDefaults.m */,
			);
			name = DB;
			sourceTree = "<group>";
		};
		222FC72C1EAC50F800DE91EB /* Location */ = {
			isa = PBXGroup;
			children = (
				222FC72E1EAC511700DE91EB /* GMLocation.h */,
				222FC72F1EAC511700DE91EB /* GMLocation.m */,
			);
			name = Location;
			sourceTree = "<group>";
		};
		222FC72D1EAC50FF00DE91EB /* Maps */ = {
			isa = PBXGroup;
			children = (
			);
			name = Maps;
			sourceTree = "<group>";
		};
		227C01621E9CDB9200E05BF9 = {
			isa = PBXGroup;
			children = (
				227C016D1E9CDB9200E05BF9 /* AyitRestaurantBuyer */,
				227C01871E9CDB9200E05BF9 /* AyitRestaurantBuyerTests */,
				227C01921E9CDB9200E05BF9 /* AyitRestaurantBuyerUITests */,
				227C016C1E9CDB9200E05BF9 /* Products */,
				F91CAF1A375B8CCC35E61A27 /* Pods */,
				5C0B200DFCC6318C749B222E /* Frameworks */,
			);
			sourceTree = "<group>";
		};
		227C016C1E9CDB9200E05BF9 /* Products */ = {
			isa = PBXGroup;
			children = (
				227C016B1E9CDB9200E05BF9 /* AyitRestaurantBuyer.app */,
				227C01841E9CDB9200E05BF9 /* AyitRestaurantBuyerTests.xctest */,
				227C018F1E9CDB9200E05BF9 /* AyitRestaurantBuyerUITests.xctest */,
			);
			name = Products;
			sourceTree = "<group>";
		};
		227C016D1E9CDB9200E05BF9 /* AyitRestaurantBuyer */ = {
			isa = PBXGroup;
			children = (
				227C01A21E9CDBC800E05BF9 /* Helper */,
				227C01A11E9CDBB300E05BF9 /* Classes */,
				227C01711E9CDB9200E05BF9 /* AppDelegate.h */,
				227C01721E9CDB9200E05BF9 /* AppDelegate.m */,
				227C017A1E9CDB9200E05BF9 /* Assets.xcassets */,
				227C017C1E9CDB9200E05BF9 /* LaunchScreen.storyboard */,
				227C017F1E9CDB9200E05BF9 /* Info.plist */,
				227C016E1E9CDB9200E05BF9 /* Supporting Files */,
			);
			path = AyitRestaurantBuyer;
			sourceTree = "<group>";
		};
		227C016E1E9CDB9200E05BF9 /* Supporting Files */ = {
			isa = PBXGroup;
			children = (
				227C016F1E9CDB9200E05BF9 /* main.m */,
			);
			name = "Supporting Files";
			sourceTree = "<group>";
		};
		227C01871E9CDB9200E05BF9 /* AyitRestaurantBuyerTests */ = {
			isa = PBXGroup;
			children = (
				227C01881E9CDB9200E05BF9 /* AyitRestaurantBuyerTests.m */,
				227C018A1E9CDB9200E05BF9 /* Info.plist */,
			);
			path = AyitRestaurantBuyerTests;
			sourceTree = "<group>";
		};
		227C01921E9CDB9200E05BF9 /* AyitRestaurantBuyerUITests */ = {
			isa = PBXGroup;
			children = (
				227C01931E9CDB9200E05BF9 /* AyitRestaurantBuyerUITests.m */,
				227C01951E9CDB9200E05BF9 /* Info.plist */,
			);
			path = AyitRestaurantBuyerUITests;
			sourceTree = "<group>";
		};
		227C01A11E9CDBB300E05BF9 /* Classes */ = {
			isa = PBXGroup;
			children = (
				228868751EA70ADA00564E0F /* Login */,
				227C01AD1E9CDC5C00E05BF9 /* Home */,
				227C01AE1E9CDC9300E05BF9 /* Nearby */,
				227C01AF1E9CDCA300E05BF9 /* OrderManagement */,
				227C01B01E9CDCAE00E05BF9 /* My */,
				227C01A31E9CDBD000E05BF9 /* Main */,
			);
			name = Classes;
			sourceTree = "<group>";
		};
		227C01A21E9CDBC800E05BF9 /* Helper */ = {
			isa = PBXGroup;
			children = (
				22D97C241EAF573F003B242B /* Network */,
				222FC72D1EAC50FF00DE91EB /* Maps */,
				222FC72C1EAC50F800DE91EB /* Location */,
				222FC7281EAC4DF000DE91EB /* DB */,
			);
			name = Helper;
			sourceTree = "<group>";
		};
		227C01A31E9CDBD000E05BF9 /* Main */ = {
			isa = PBXGroup;
			children = (
				227C01A91E9CDC2200E05BF9 /* Model */,
				227C01A81E9CDC1800E05BF9 /* View */,
				227C01A71E9CDC1200E05BF9 /* Controller */,
			);
			name = Main;
			sourceTree = "<group>";
		};
		227C01A71E9CDC1200E05BF9 /* Controller */ = {
			isa = PBXGroup;
			children = (
				227C01CA1E9CE24C00E05BF9 /* GMNavigationViewController.h */,
				227C01CB1E9CE24C00E05BF9 /* GMNavigationViewController.m */,
				227C01AA1E9CDC3A00E05BF9 /* GMTabBarViewController.h */,
				227C01AB1E9CDC3A00E05BF9 /* GMTabBarViewController.m */,
			);
			name = Controller;
			sourceTree = "<group>";
		};
		227C01A81E9CDC1800E05BF9 /* View */ = {
			isa = PBXGroup;
			children = (
			);
			name = View;
			sourceTree = "<group>";
		};
		227C01A91E9CDC2200E05BF9 /* Model */ = {
			isa = PBXGroup;
			children = (
			);
			name = Model;
			sourceTree = "<group>";
		};
		227C01AD1E9CDC5C00E05BF9 /* Home */ = {
			isa = PBXGroup;
			children = (
				227C01BD1E9CDFB800E05BF9 /* Controller */,
				227C01BC1E9CDFB700E05BF9 /* View */,
				227C01BB1E9CDFB600E05BF9 /* Model */,
			);
			name = Home;
			sourceTree = "<group>";
		};
		227C01AE1E9CDC9300E05BF9 /* Nearby */ = {
			isa = PBXGroup;
			children = (
				222FC7111EAB4DCE00DE91EB /* DetailMerchant */,
				227C01BA1E9CDFB400E05BF9 /* Controller */,
				227C01B91E9CDFB300E05BF9 /* View */,
				227C01B81E9CDFB200E05BF9 /* Model */,
			);
			name = Nearby;
			sourceTree = "<group>";
		};
		227C01AF1E9CDCA300E05BF9 /* OrderManagement */ = {
			isa = PBXGroup;
			children = (
				227C01B31E9CDF9500E05BF9 /* View */,
				227C01B21E9CDF8900E05BF9 /* Model */,
				227C01B11E9CDF7600E05BF9 /* Controller */,
			);
			name = OrderManagement;
			sourceTree = "<group>";
		};
		227C01B01E9CDCAE00E05BF9 /* My */ = {
			isa = PBXGroup;
			children = (
				227C01B71E9CDFAF00E05BF9 /* Model */,
				227C01B51E9CDFAA00E05BF9 /* Controller */,
				227C01B41E9CDFA300E05BF9 /* View */,
			);
			name = My;
			sourceTree = "<group>";
		};
		227C01B11E9CDF7600E05BF9 /* Controller */ = {
			isa = PBXGroup;
			children = (
				227C01BE1E9CDFFF00E05BF9 /* GMOrderManagementTableViewController.h */,
				227C01BF1E9CDFFF00E05BF9 /* GMOrderManagementTableViewController.m */,
			);
			name = Controller;
			sourceTree = "<group>";
		};
		227C01B21E9CDF8900E05BF9 /* Model */ = {
			isa = PBXGroup;
			children = (
			);
			name = Model;
			sourceTree = "<group>";
		};
		227C01B31E9CDF9500E05BF9 /* View */ = {
			isa = PBXGroup;
			children = (
			);
			name = View;
			sourceTree = "<group>";
		};
		227C01B41E9CDFA300E05BF9 /* View */ = {
			isa = PBXGroup;
			children = (
				222FC7231EAB86D900DE91EB /* GMMyHeadTableViewCell.h */,
				222FC7241EAB86D900DE91EB /* GMMyHeadTableViewCell.m */,
				222FC7261EAB88BB00DE91EB /* MyHeadView.xib */,
			);
			name = View;
			sourceTree = "<group>";
		};
		227C01B51E9CDFAA00E05BF9 /* Controller */ = {
			isa = PBXGroup;
			children = (
				227C01C11E9CE07000E05BF9 /* GMMyViewController.h */,
				227C01C21E9CE07000E05BF9 /* GMMyViewController.m */,
			);
			name = Controller;
			sourceTree = "<group>";
		};
		227C01B71E9CDFAF00E05BF9 /* Model */ = {
			isa = PBXGroup;
			children = (
			);
			name = Model;
			sourceTree = "<group>";
		};
		227C01B81E9CDFB200E05BF9 /* Model */ = {
			isa = PBXGroup;
			children = (
				222FC70B1EAB4C0600DE91EB /* GMMerchantItem.h */,
				222FC70C1EAB4C0600DE91EB /* GMMerchantItem.m */,
				222FC70E1EAB4CBE00DE91EB /* GMMerchantData.h */,
				222FC70F1EAB4CBE00DE91EB /* GMMerchantData.m */,
			);
			name = Model;
			sourceTree = "<group>";
		};
		227C01B91E9CDFB300E05BF9 /* View */ = {
			isa = PBXGroup;
			children = (
				222EE33D1EA778DF001F707B /* GMNearbySellerTableViewCell.h */,
				222EE33E1EA778DF001F707B /* GMNearbySellerTableViewCell.m */,
			);
			name = View;
			sourceTree = "<group>";
		};
		227C01BA1E9CDFB400E05BF9 /* Controller */ = {
			isa = PBXGroup;
			children = (
				227C01C41E9CE08C00E05BF9 /* GMNearbyViewController.h */,
				227C01C51E9CE08C00E05BF9 /* GMNearbyViewController.m */,
			);
			name = Controller;
			sourceTree = "<group>";
		};
		227C01BB1E9CDFB600E05BF9 /* Model */ = {
			isa = PBXGroup;
			children = (
			);
			name = Model;
			sourceTree = "<group>";
		};
		227C01BC1E9CDFB700E05BF9 /* View */ = {
			isa = PBXGroup;
			children = (
				222FC7051EAB450400DE91EB /* GMCarouselCell.h */,
				222FC7061EAB450400DE91EB /* GMCarouselCell.m */,
				228868911EA72F5900564E0F /* GMGoodsTableViewCell.h */,
				228868921EA72F5900564E0F /* GMGoodsTableViewCell.m */,
			);
			name = View;
			sourceTree = "<group>";
		};
		227C01BD1E9CDFB800E05BF9 /* Controller */ = {
			isa = PBXGroup;
			children = (
				227C01C71E9CE0A600E05BF9 /* GMHomeViewController.h */,
				227C01C81E9CE0A600E05BF9 /* GMHomeViewController.m */,
			);
			name = Controller;
			sourceTree = "<group>";
		};
		228868751EA70ADA00564E0F /* Login */ = {
			isa = PBXGroup;
			children = (
				228868781EA70AF900564E0F /* Model */,
				228868771EA70AF200564E0F /* View */,
				228868761EA70AE100564E0F /* Controller */,
			);
			name = Login;
			sourceTree = "<group>";
		};
		228868761EA70AE100564E0F /* Controller */ = {
			isa = PBXGroup;
			children = (
				228868821EA70B4F00564E0F /* ForgetPasswordViewController.h */,
				228868831EA70B4F00564E0F /* ForgetPasswordViewController.m */,
				228868841EA70B4F00564E0F /* LoginViewController.h */,
				228868851EA70B4F00564E0F /* LoginViewController.m */,
				228868861EA70B4F00564E0F /* RegisterViewController.h */,
				228868871EA70B4F00564E0F /* RegisterViewController.m */,
				F36BF0D51EAF9E6900E2D9D6 /* RegisterViewController.xib */,
			);
			name = Controller;
			sourceTree = "<group>";
		};
		228868771EA70AF200564E0F /* View */ = {
			isa = PBXGroup;
			children = (
			);
			name = View;
			sourceTree = "<group>";
		};
		228868781EA70AF900564E0F /* Model */ = {
			isa = PBXGroup;
			children = (
				2288688B1EA70B8A00564E0F /* AccountItem.h */,
				2288688C1EA70B8A00564E0F /* AccountItem.m */,
			);
			name = Model;
			sourceTree = "<group>";
		};
		22D97C241EAF573F003B242B /* Network */ = {
			isa = PBXGroup;
			children = (
				22D97C251EAF577C003B242B /* GMHTTPNetworking.h */,
				22D97C261EAF577C003B242B /* GMHTTPNetworking.m */,
			);
			name = Network;
			sourceTree = "<group>";
		};
		5C0B200DFCC6318C749B222E /* Frameworks */ = {
			isa = PBXGroup;
			children = (
				9583783A807C538F5D62DED2 /* Pods_AyitRestaurantBuyer.framework */,
				AE2DE3FA2CBD529901CA3E67 /* Pods_AyitRestaurantBuyerTests.framework */,
				E8DE97FA91C60B524BDD0DE5 /* Pods_AyitRestaurantBuyerUITests.framework */,
			);
			name = Frameworks;
			sourceTree = "<group>";
		};
		F91CAF1A375B8CCC35E61A27 /* Pods */ = {
			isa = PBXGroup;
			children = (
				F21061536E077872014A33BD /* Pods-AyitRestaurantBuyer.debug.xcconfig */,
				8D1B13B7296F37E97F9EB0D8 /* Pods-AyitRestaurantBuyer.release.xcconfig */,
				9B7C3D4FB46BE7D8A7E0FE9E /* Pods-AyitRestaurantBuyerTests.debug.xcconfig */,
				7BDFF6CEA6649915D3D7BD45 /* Pods-AyitRestaurantBuyerTests.release.xcconfig */,
				124FF92E633F796139CAE215 /* Pods-AyitRestaurantBuyerUITests.debug.xcconfig */,
				D5000C32C2224A3CC21F6E51 /* Pods-AyitRestaurantBuyerUITests.release.xcconfig */,
			);
			name = Pods;
			sourceTree = "<group>";
		};
/* End PBXGroup section */

/* Begin PBXNativeTarget section */
		227C016A1E9CDB9200E05BF9 /* AyitRestaurantBuyer */ = {
			isa = PBXNativeTarget;
			buildConfigurationList = 227C01981E9CDB9200E05BF9 /* Build configuration list for PBXNativeTarget "AyitRestaurantBuyer" */;
			buildPhases = (
				36D44F38A4A271BFC20896CD /* [CP] Check Pods Manifest.lock */,
				227C01671E9CDB9200E05BF9 /* Sources */,
				227C01681E9CDB9200E05BF9 /* Frameworks */,
				227C01691E9CDB9200E05BF9 /* Resources */,
				1D02D7A052024D67C8604548 /* [CP] Embed Pods Frameworks */,
				62BDE90693D0E814374F1A6B /* [CP] Copy Pods Resources */,
			);
			buildRules = (
			);
			dependencies = (
			);
			name = AyitRestaurantBuyer;
			productName = AyitRestaurantBuyer;
			productReference = 227C016B1E9CDB9200E05BF9 /* AyitRestaurantBuyer.app */;
			productType = "com.apple.product-type.application";
		};
		227C01831E9CDB9200E05BF9 /* AyitRestaurantBuyerTests */ = {
			isa = PBXNativeTarget;
			buildConfigurationList = 227C019B1E9CDB9200E05BF9 /* Build configuration list for PBXNativeTarget "AyitRestaurantBuyerTests" */;
			buildPhases = (
				86911FBEB68E80A9BF3E4161 /* [CP] Check Pods Manifest.lock */,
				227C01801E9CDB9200E05BF9 /* Sources */,
				227C01811E9CDB9200E05BF9 /* Frameworks */,
				227C01821E9CDB9200E05BF9 /* Resources */,
				202EDD6687873043A96DA73A /* [CP] Embed Pods Frameworks */,
				B7F268A08EA3ACB463136188 /* [CP] Copy Pods Resources */,
			);
			buildRules = (
			);
			dependencies = (
				227C01861E9CDB9200E05BF9 /* PBXTargetDependency */,
			);
			name = AyitRestaurantBuyerTests;
			productName = AyitRestaurantBuyerTests;
			productReference = 227C01841E9CDB9200E05BF9 /* AyitRestaurantBuyerTests.xctest */;
			productType = "com.apple.product-type.bundle.unit-test";
		};
		227C018E1E9CDB9200E05BF9 /* AyitRestaurantBuyerUITests */ = {
			isa = PBXNativeTarget;
			buildConfigurationList = 227C019E1E9CDB9200E05BF9 /* Build configuration list for PBXNativeTarget "AyitRestaurantBuyerUITests" */;
			buildPhases = (
				A34EB1E1CBDAF3724E18D7C5 /* [CP] Check Pods Manifest.lock */,
				227C018B1E9CDB9200E05BF9 /* Sources */,
				227C018C1E9CDB9200E05BF9 /* Frameworks */,
				227C018D1E9CDB9200E05BF9 /* Resources */,
				9DD8DAA1D13F155ADB4DBF82 /* [CP] Embed Pods Frameworks */,
				842BF60241B61872A7BB11F4 /* [CP] Copy Pods Resources */,
			);
			buildRules = (
			);
			dependencies = (
				227C01911E9CDB9200E05BF9 /* PBXTargetDependency */,
			);
			name = AyitRestaurantBuyerUITests;
			productName = AyitRestaurantBuyerUITests;
			productReference = 227C018F1E9CDB9200E05BF9 /* AyitRestaurantBuyerUITests.xctest */;
			productType = "com.apple.product-type.bundle.ui-testing";
		};
/* End PBXNativeTarget section */

/* Begin PBXProject section */
		227C01631E9CDB9200E05BF9 /* Project object */ = {
			isa = PBXProject;
			attributes = {
				CLASSPREFIX = GM;
				LastUpgradeCheck = 0830;
				ORGANIZATIONNAME = "Gaofei Ma";
				TargetAttributes = {
					227C016A1E9CDB9200E05BF9 = {
						CreatedOnToolsVersion = 8.3.1;
						DevelopmentTeam = N5G28WF2Y2;
						ProvisioningStyle = Automatic;
					};
					227C01831E9CDB9200E05BF9 = {
						CreatedOnToolsVersion = 8.3.1;
						DevelopmentTeam = N5G28WF2Y2;
						ProvisioningStyle = Automatic;
						TestTargetID = 227C016A1E9CDB9200E05BF9;
					};
					227C018E1E9CDB9200E05BF9 = {
						CreatedOnToolsVersion = 8.3.1;
						DevelopmentTeam = N5G28WF2Y2;
						ProvisioningStyle = Automatic;
						TestTargetID = 227C016A1E9CDB9200E05BF9;
					};
				};
			};
			buildConfigurationList = 227C01661E9CDB9200E05BF9 /* Build configuration list for PBXProject "AyitRestaurantBuyer" */;
			compatibilityVersion = "Xcode 3.2";
			developmentRegion = English;
			hasScannedForEncodings = 0;
			knownRegions = (
				en,
				Base,
			);
			mainGroup = 227C01621E9CDB9200E05BF9;
			productRefGroup = 227C016C1E9CDB9200E05BF9 /* Products */;
			projectDirPath = "";
			projectRoot = "";
			targets = (
				227C016A1E9CDB9200E05BF9 /* AyitRestaurantBuyer */,
				227C01831E9CDB9200E05BF9 /* AyitRestaurantBuyerTests */,
				227C018E1E9CDB9200E05BF9 /* AyitRestaurantBuyerUITests */,
			);
		};
/* End PBXProject section */

/* Begin PBXResourcesBuildPhase section */
		227C01691E9CDB9200E05BF9 /* Resources */ = {
			isa = PBXResourcesBuildPhase;
			buildActionMask = 2147483647;
			files = (
				222FC71C1EAB4EB100DE91EB /* GMDetailMerchantTableViewCell.xib in Resources */,
				F36BF0D61EAF9E6900E2D9D6 /* RegisterViewController.xib in Resources */,
				227C017E1E9CDB9200E05BF9 /* LaunchScreen.storyboard in Resources */,
				222FC7271EAB88BB00DE91EB /* MyHeadView.xib in Resources */,
				227C017B1E9CDB9200E05BF9 /* Assets.xcassets in Resources */,
			);
			runOnlyForDeploymentPostprocessing = 0;
		};
		227C01821E9CDB9200E05BF9 /* Resources */ = {
			isa = PBXResourcesBuildPhase;
			buildActionMask = 2147483647;
			files = (
			);
			runOnlyForDeploymentPostprocessing = 0;
		};
		227C018D1E9CDB9200E05BF9 /* Resources */ = {
			isa = PBXResourcesBuildPhase;
			buildActionMask = 2147483647;
			files = (
			);
			runOnlyForDeploymentPostprocessing = 0;
		};
/* End PBXResourcesBuildPhase section */

/* Begin PBXShellScriptBuildPhase section */
		1D02D7A052024D67C8604548 /* [CP] Embed Pods Frameworks */ = {
			isa = PBXShellScriptBuildPhase;
			buildActionMask = 2147483647;
			files = (
			);
			inputPaths = (
			);
			name = "[CP] Embed Pods Frameworks";
			outputPaths = (
			);
			runOnlyForDeploymentPostprocessing = 0;
			shellPath = /bin/sh;
			shellScript = "\"${SRCROOT}/Pods/Target Support Files/Pods-AyitRestaurantBuyer/Pods-AyitRestaurantBuyer-frameworks.sh\"\n";
			showEnvVarsInLog = 0;
		};
		202EDD6687873043A96DA73A /* [CP] Embed Pods Frameworks */ = {
			isa = PBXShellScriptBuildPhase;
			buildActionMask = 2147483647;
			files = (
			);
			inputPaths = (
			);
			name = "[CP] Embed Pods Frameworks";
			outputPaths = (
			);
			runOnlyForDeploymentPostprocessing = 0;
			shellPath = /bin/sh;
			shellScript = "\"${SRCROOT}/Pods/Target Support Files/Pods-AyitRestaurantBuyerTests/Pods-AyitRestaurantBuyerTests-frameworks.sh\"\n";
			showEnvVarsInLog = 0;
		};
		36D44F38A4A271BFC20896CD /* [CP] Check Pods Manifest.lock */ = {
			isa = PBXShellScriptBuildPhase;
			buildActionMask = 2147483647;
			files = (
			);
			inputPaths = (
			);
			name = "[CP] Check Pods Manifest.lock";
			outputPaths = (
			);
			runOnlyForDeploymentPostprocessing = 0;
			shellPath = /bin/sh;
			shellScript = "diff \"${PODS_PODFILE_DIR_PATH}/Podfile.lock\" \"${PODS_ROOT}/Manifest.lock\" > /dev/null\nif [ $? != 0 ] ; then\n    # print error to STDERR\n    echo \"error: The sandbox is not in sync with the Podfile.lock. Run 'pod install' or update your CocoaPods installation.\" >&2\n    exit 1\nfi\n";
			showEnvVarsInLog = 0;
		};
		62BDE90693D0E814374F1A6B /* [CP] Copy Pods Resources */ = {
			isa = PBXShellScriptBuildPhase;
			buildActionMask = 2147483647;
			files = (
			);
			inputPaths = (
			);
			name = "[CP] Copy Pods Resources";
			outputPaths = (
			);
			runOnlyForDeploymentPostprocessing = 0;
			shellPath = /bin/sh;
			shellScript = "\"${SRCROOT}/Pods/Target Support Files/Pods-AyitRestaurantBuyer/Pods-AyitRestaurantBuyer-resources.sh\"\n";
			showEnvVarsInLog = 0;
		};
		842BF60241B61872A7BB11F4 /* [CP] Copy Pods Resources */ = {
			isa = PBXShellScriptBuildPhase;
			buildActionMask = 2147483647;
			files = (
			);
			inputPaths = (
			);
			name = "[CP] Copy Pods Resources";
			outputPaths = (
			);
			runOnlyForDeploymentPostprocessing = 0;
			shellPath = /bin/sh;
			shellScript = "\"${SRCROOT}/Pods/Target Support Files/Pods-AyitRestaurantBuyerUITests/Pods-AyitRestaurantBuyerUITests-resources.sh\"\n";
			showEnvVarsInLog = 0;
		};
		86911FBEB68E80A9BF3E4161 /* [CP] Check Pods Manifest.lock */ = {
			isa = PBXShellScriptBuildPhase;
			buildActionMask = 2147483647;
			files = (
			);
			inputPaths = (
			);
			name = "[CP] Check Pods Manifest.lock";
			outputPaths = (
			);
			runOnlyForDeploymentPostprocessing = 0;
			shellPath = /bin/sh;
			shellScript = "diff \"${PODS_PODFILE_DIR_PATH}/Podfile.lock\" \"${PODS_ROOT}/Manifest.lock\" > /dev/null\nif [ $? != 0 ] ; then\n    # print error to STDERR\n    echo \"error: The sandbox is not in sync with the Podfile.lock. Run 'pod install' or update your CocoaPods installation.\" >&2\n    exit 1\nfi\n";
			showEnvVarsInLog = 0;
		};
		9DD8DAA1D13F155ADB4DBF82 /* [CP] Embed Pods Frameworks */ = {
			isa = PBXShellScriptBuildPhase;
			buildActionMask = 2147483647;
			files = (
			);
			inputPaths = (
			);
			name = "[CP] Embed Pods Frameworks";
			outputPaths = (
			);
			runOnlyForDeploymentPostprocessing = 0;
			shellPath = /bin/sh;
			shellScript = "\"${SRCROOT}/Pods/Target Support Files/Pods-AyitRestaurantBuyerUITests/Pods-AyitRestaurantBuyerUITests-frameworks.sh\"\n";
			showEnvVarsInLog = 0;
		};
		A34EB1E1CBDAF3724E18D7C5 /* [CP] Check Pods Manifest.lock */ = {
			isa = PBXShellScriptBuildPhase;
			buildActionMask = 2147483647;
			files = (
			);
			inputPaths = (
			);
			name = "[CP] Check Pods Manifest.lock";
			outputPaths = (
			);
			runOnlyForDeploymentPostprocessing = 0;
			shellPath = /bin/sh;
			shellScript = "diff \"${PODS_PODFILE_DIR_PATH}/Podfile.lock\" \"${PODS_ROOT}/Manifest.lock\" > /dev/null\nif [ $? != 0 ] ; then\n    # print error to STDERR\n    echo \"error: The sandbox is not in sync with the Podfile.lock. Run 'pod install' or update your CocoaPods installation.\" >&2\n    exit 1\nfi\n";
			showEnvVarsInLog = 0;
		};
		B7F268A08EA3ACB463136188 /* [CP] Copy Pods Resources */ = {
			isa = PBXShellScriptBuildPhase;
			buildActionMask = 2147483647;
			files = (
			);
			inputPaths = (
			);
			name = "[CP] Copy Pods Resources";
			outputPaths = (
			);
			runOnlyForDeploymentPostprocessing = 0;
			shellPath = /bin/sh;
			shellScript = "\"${SRCROOT}/Pods/Target Support Files/Pods-AyitRestaurantBuyerTests/Pods-AyitRestaurantBuyerTests-resources.sh\"\n";
			showEnvVarsInLog = 0;
		};
/* End PBXShellScriptBuildPhase section */

/* Begin PBXSourcesBuildPhase section */
		227C01671E9CDB9200E05BF9 /* Sources */ = {
			isa = PBXSourcesBuildPhase;
			buildActionMask = 2147483647;
			files = (
				222FC72B1EAC4E0A00DE91EB /* GMUserDefaults.m in Sources */,
				22D97C271EAF577C003B242B /* GMHTTPNetworking.m in Sources */,
				222FC70D1EAB4C0600DE91EB /* GMMerchantItem.m in Sources */,
				228868931EA72F5900564E0F /* GMGoodsTableViewCell.m in Sources */,
				227C01AC1E9CDC3A00E05BF9 /* GMTabBarViewController.m in Sources */,
				222FC7251EAB86D900DE91EB /* GMMyHeadTableViewCell.m in Sources */,
				228868891EA70B4F00564E0F /* LoginViewController.m in Sources */,
				228868881EA70B4F00564E0F /* ForgetPasswordViewController.m in Sources */,
				227C01C31E9CE07000E05BF9 /* GMMyViewController.m in Sources */,
				227C01CC1E9CE24C00E05BF9 /* GMNavigationViewController.m in Sources */,
				227C01C01E9CDFFF00E05BF9 /* GMOrderManagementTableViewController.m in Sources */,
				222FC7171EAB4E1600DE91EB /* GMDetailMerchantViewController.m in Sources */,
				227C01C61E9CE08C00E05BF9 /* GMNearbyViewController.m in Sources */,
				227C01731E9CDB9200E05BF9 /* AppDelegate.m in Sources */,
				222EE33F1EA778DF001F707B /* GMNearbySellerTableViewCell.m in Sources */,
				2288688D1EA70B8A00564E0F /* AccountItem.m in Sources */,
				227C01C91E9CE0A600E05BF9 /* GMHomeViewController.m in Sources */,
				222FC7101EAB4CBE00DE91EB /* GMMerchantData.m in Sources */,
				2288688A1EA70B4F00564E0F /* RegisterViewController.m in Sources */,
				222FC7301EAC511700DE91EB /* GMLocation.m in Sources */,
				222FC7071EAB450400DE91EB /* GMCarouselCell.m in Sources */,
				227C01701E9CDB9200E05BF9 /* main.m in Sources */,
				222FC71F1EAB50B700DE91EB /* GMPriceTableViewCell.m in Sources */,
				222FC7221EAB50D800DE91EB /* GMInfoTableViewCell.m in Sources */,
			);
			runOnlyForDeploymentPostprocessing = 0;
		};
		227C01801E9CDB9200E05BF9 /* Sources */ = {
			isa = PBXSourcesBuildPhase;
			buildActionMask = 2147483647;
			files = (
				227C01891E9CDB9200E05BF9 /* AyitRestaurantBuyerTests.m in Sources */,
			);
			runOnlyForDeploymentPostprocessing = 0;
		};
		227C018B1E9CDB9200E05BF9 /* Sources */ = {
			isa = PBXSourcesBuildPhase;
			buildActionMask = 2147483647;
			files = (
				227C01941E9CDB9200E05BF9 /* AyitRestaurantBuyerUITests.m in Sources */,
			);
			runOnlyForDeploymentPostprocessing = 0;
		};
/* End PBXSourcesBuildPhase section */

/* Begin PBXTargetDependency section */
		227C01861E9CDB9200E05BF9 /* PBXTargetDependency */ = {
			isa = PBXTargetDependency;
			target = 227C016A1E9CDB9200E05BF9 /* AyitRestaurantBuyer */;
			targetProxy = 227C01851E9CDB9200E05BF9 /* PBXContainerItemProxy */;
		};
		227C01911E9CDB9200E05BF9 /* PBXTargetDependency */ = {
			isa = PBXTargetDependency;
			target = 227C016A1E9CDB9200E05BF9 /* AyitRestaurantBuyer */;
			targetProxy = 227C01901E9CDB9200E05BF9 /* PBXContainerItemProxy */;
		};
/* End PBXTargetDependency section */

/* Begin PBXVariantGroup section */
		227C017C1E9CDB9200E05BF9 /* LaunchScreen.storyboard */ = {
			isa = PBXVariantGroup;
			children = (
				227C017D1E9CDB9200E05BF9 /* Base */,
			);
			name = LaunchScreen.storyboard;
			sourceTree = "<group>";
		};
/* End PBXVariantGroup section */

/* Begin XCBuildConfiguration section */
		227C01961E9CDB9200E05BF9 /* Debug */ = {
			isa = XCBuildConfiguration;
			buildSettings = {
				ALWAYS_SEARCH_USER_PATHS = NO;
				CLANG_ANALYZER_NONNULL = YES;
				CLANG_ANALYZER_NUMBER_OBJECT_CONVERSION = YES_AGGRESSIVE;
				CLANG_CXX_LANGUAGE_STANDARD = "gnu++0x";
				CLANG_CXX_LIBRARY = "libc++";
				CLANG_ENABLE_MODULES = YES;
				CLANG_ENABLE_OBJC_ARC = YES;
				CLANG_WARN_BOOL_CONVERSION = YES;
				CLANG_WARN_CONSTANT_CONVERSION = YES;
				CLANG_WARN_DIRECT_OBJC_ISA_USAGE = YES_ERROR;
				CLANG_WARN_DOCUMENTATION_COMMENTS = YES;
				CLANG_WARN_EMPTY_BODY = YES;
				CLANG_WARN_ENUM_CONVERSION = YES;
				CLANG_WARN_INFINITE_RECURSION = YES;
				CLANG_WARN_INT_CONVERSION = YES;
				CLANG_WARN_OBJC_ROOT_CLASS = YES_ERROR;
				CLANG_WARN_SUSPICIOUS_MOVE = YES;
				CLANG_WARN_UNREACHABLE_CODE = YES;
				CLANG_WARN__DUPLICATE_METHOD_MATCH = YES;
				"CODE_SIGN_IDENTITY[sdk=iphoneos*]" = "iPhone Developer";
				COPY_PHASE_STRIP = NO;
				DEBUG_INFORMATION_FORMAT = dwarf;
				ENABLE_STRICT_OBJC_MSGSEND = YES;
				ENABLE_TESTABILITY = YES;
				GCC_C_LANGUAGE_STANDARD = gnu99;
				GCC_DYNAMIC_NO_PIC = NO;
				GCC_NO_COMMON_BLOCKS = YES;
				GCC_OPTIMIZATION_LEVEL = 0;
				GCC_PREPROCESSOR_DEFINITIONS = (
					"DEBUG=1",
					"$(inherited)",
				);
				GCC_WARN_64_TO_32_BIT_CONVERSION = YES;
				GCC_WARN_ABOUT_RETURN_TYPE = YES_ERROR;
				GCC_WARN_UNDECLARED_SELECTOR = YES;
				GCC_WARN_UNINITIALIZED_AUTOS = YES_AGGRESSIVE;
				GCC_WARN_UNUSED_FUNCTION = YES;
				GCC_WARN_UNUSED_VARIABLE = YES;
				IPHONEOS_DEPLOYMENT_TARGET = 10.3;
				MTL_ENABLE_DEBUG_INFO = YES;
				ONLY_ACTIVE_ARCH = YES;
				SDKROOT = iphoneos;
				TARGETED_DEVICE_FAMILY = "1,2";
			};
			name = Debug;
		};
		227C01971E9CDB9200E05BF9 /* Release */ = {
			isa = XCBuildConfiguration;
			buildSettings = {
				ALWAYS_SEARCH_USER_PATHS = NO;
				CLANG_ANALYZER_NONNULL = YES;
				CLANG_ANALYZER_NUMBER_OBJECT_CONVERSION = YES_AGGRESSIVE;
				CLANG_CXX_LANGUAGE_STANDARD = "gnu++0x";
				CLANG_CXX_LIBRARY = "libc++";
				CLANG_ENABLE_MODULES = YES;
				CLANG_ENABLE_OBJC_ARC = YES;
				CLANG_WARN_BOOL_CONVERSION = YES;
				CLANG_WARN_CONSTANT_CONVERSION = YES;
				CLANG_WARN_DIRECT_OBJC_ISA_USAGE = YES_ERROR;
				CLANG_WARN_DOCUMENTATION_COMMENTS = YES;
				CLANG_WARN_EMPTY_BODY = YES;
				CLANG_WARN_ENUM_CONVERSION = YES;
				CLANG_WARN_INFINITE_RECURSION = YES;
				CLANG_WARN_INT_CONVERSION = YES;
				CLANG_WARN_OBJC_ROOT_CLASS = YES_ERROR;
				CLANG_WARN_SUSPICIOUS_MOVE = YES;
				CLANG_WARN_UNREACHABLE_CODE = YES;
				CLANG_WARN__DUPLICATE_METHOD_MATCH = YES;
				"CODE_SIGN_IDENTITY[sdk=iphoneos*]" = "iPhone Developer";
				COPY_PHASE_STRIP = NO;
				DEBUG_INFORMATION_FORMAT = "dwarf-with-dsym";
				ENABLE_NS_ASSERTIONS = NO;
				ENABLE_STRICT_OBJC_MSGSEND = YES;
				GCC_C_LANGUAGE_STANDARD = gnu99;
				GCC_NO_COMMON_BLOCKS = YES;
				GCC_WARN_64_TO_32_BIT_CONVERSION = YES;
				GCC_WARN_ABOUT_RETURN_TYPE = YES_ERROR;
				GCC_WARN_UNDECLARED_SELECTOR = YES;
				GCC_WARN_UNINITIALIZED_AUTOS = YES_AGGRESSIVE;
				GCC_WARN_UNUSED_FUNCTION = YES;
				GCC_WARN_UNUSED_VARIABLE = YES;
				IPHONEOS_DEPLOYMENT_TARGET = 10.3;
				MTL_ENABLE_DEBUG_INFO = NO;
				SDKROOT = iphoneos;
				TARGETED_DEVICE_FAMILY = "1,2";
				VALIDATE_PRODUCT = YES;
			};
			name = Release;
		};
		227C01991E9CDB9200E05BF9 /* Debug */ = {
			isa = XCBuildConfiguration;
			baseConfigurationReference = F21061536E077872014A33BD /* Pods-AyitRestaurantBuyer.debug.xcconfig */;
			buildSettings = {
				ASSETCATALOG_COMPILER_APPICON_NAME = AppIcon;
				DEVELOPMENT_TEAM = N5G28WF2Y2;
				INFOPLIST_FILE = AyitRestaurantBuyer/Info.plist;
				IPHONEOS_DEPLOYMENT_TARGET = 8.0;
				LD_RUNPATH_SEARCH_PATHS = "$(inherited) @executable_path/Frameworks";
				PRODUCT_BUNDLE_IDENTIFIER = com.magaofei.AyitRestaurantBuyer;
				PRODUCT_NAME = "$(TARGET_NAME)";
			};
			name = Debug;
		};
		227C019A1E9CDB9200E05BF9 /* Release */ = {
			isa = XCBuildConfiguration;
			baseConfigurationReference = 8D1B13B7296F37E97F9EB0D8 /* Pods-AyitRestaurantBuyer.release.xcconfig */;
			buildSettings = {
				ASSETCATALOG_COMPILER_APPICON_NAME = AppIcon;
				DEVELOPMENT_TEAM = N5G28WF2Y2;
				INFOPLIST_FILE = AyitRestaurantBuyer/Info.plist;
				IPHONEOS_DEPLOYMENT_TARGET = 8.0;
				LD_RUNPATH_SEARCH_PATHS = "$(inherited) @executable_path/Frameworks";
				PRODUCT_BUNDLE_IDENTIFIER = com.magaofei.AyitRestaurantBuyer;
				PRODUCT_NAME = "$(TARGET_NAME)";
			};
			name = Release;
		};
		227C019C1E9CDB9200E05BF9 /* Debug */ = {
			isa = XCBuildConfiguration;
			baseConfigurationReference = 9B7C3D4FB46BE7D8A7E0FE9E /* Pods-AyitRestaurantBuyerTests.debug.xcconfig */;
			buildSettings = {
				BUNDLE_LOADER = "$(TEST_HOST)";
				DEVELOPMENT_TEAM = N5G28WF2Y2;
				INFOPLIST_FILE = AyitRestaurantBuyerTests/Info.plist;
				LD_RUNPATH_SEARCH_PATHS = "$(inherited) @executable_path/Frameworks @loader_path/Frameworks";
				PRODUCT_BUNDLE_IDENTIFIER = com.magaofei.AyitRestaurantBuyerTests;
				PRODUCT_NAME = "$(TARGET_NAME)";
				TEST_HOST = "$(BUILT_PRODUCTS_DIR)/AyitRestaurantBuyer.app/AyitRestaurantBuyer";
			};
			name = Debug;
		};
		227C019D1E9CDB9200E05BF9 /* Release */ = {
			isa = XCBuildConfiguration;
			baseConfigurationReference = 7BDFF6CEA6649915D3D7BD45 /* Pods-AyitRestaurantBuyerTests.release.xcconfig */;
			buildSettings = {
				BUNDLE_LOADER = "$(TEST_HOST)";
				DEVELOPMENT_TEAM = N5G28WF2Y2;
				INFOPLIST_FILE = AyitRestaurantBuyerTests/Info.plist;
				LD_RUNPATH_SEARCH_PATHS = "$(inherited) @executable_path/Frameworks @loader_path/Frameworks";
				PRODUCT_BUNDLE_IDENTIFIER = com.magaofei.AyitRestaurantBuyerTests;
				PRODUCT_NAME = "$(TARGET_NAME)";
				TEST_HOST = "$(BUILT_PRODUCTS_DIR)/AyitRestaurantBuyer.app/AyitRestaurantBuyer";
			};
			name = Release;
		};
		227C019F1E9CDB9200E05BF9 /* Debug */ = {
			isa = XCBuildConfiguration;
			baseConfigurationReference = 124FF92E633F796139CAE215 /* Pods-AyitRestaurantBuyerUITests.debug.xcconfig */;
			buildSettings = {
				DEVELOPMENT_TEAM = N5G28WF2Y2;
				INFOPLIST_FILE = AyitRestaurantBuyerUITests/Info.plist;
				LD_RUNPATH_SEARCH_PATHS = "$(inherited) @executable_path/Frameworks @loader_path/Frameworks";
				PRODUCT_BUNDLE_IDENTIFIER = com.magaofei.AyitRestaurantBuyerUITests;
				PRODUCT_NAME = "$(TARGET_NAME)";
				TEST_TARGET_NAME = AyitRestaurantBuyer;
			};
			name = Debug;
		};
		227C01A01E9CDB9200E05BF9 /* Release */ = {
			isa = XCBuildConfiguration;
			baseConfigurationReference = D5000C32C2224A3CC21F6E51 /* Pods-AyitRestaurantBuyerUITests.release.xcconfig */;
			buildSettings = {
				DEVELOPMENT_TEAM = N5G28WF2Y2;
				INFOPLIST_FILE = AyitRestaurantBuyerUITests/Info.plist;
				LD_RUNPATH_SEARCH_PATHS = "$(inherited) @executable_path/Frameworks @loader_path/Frameworks";
				PRODUCT_BUNDLE_IDENTIFIER = com.magaofei.AyitRestaurantBuyerUITests;
				PRODUCT_NAME = "$(TARGET_NAME)";
				TEST_TARGET_NAME = AyitRestaurantBuyer;
			};
			name = Release;
		};
/* End XCBuildConfiguration section */

/* Begin XCConfigurationList section */
		227C01661E9CDB9200E05BF9 /* Build configuration list for PBXProject "AyitRestaurantBuyer" */ = {
			isa = XCConfigurationList;
			buildConfigurations = (
				227C01961E9CDB9200E05BF9 /* Debug */,
				227C01971E9CDB9200E05BF9 /* Release */,
			);
			defaultConfigurationIsVisible = 0;
			defaultConfigurationName = Release;
		};
		227C01981E9CDB9200E05BF9 /* Build configuration list for PBXNativeTarget "AyitRestaurantBuyer" */ = {
			isa = XCConfigurationList;
			buildConfigurations = (
				227C01991E9CDB9200E05BF9 /* Debug */,
				227C019A1E9CDB9200E05BF9 /* Release */,
			);
			defaultConfigurationIsVisible = 0;
			defaultConfigurationName = Release;
		};
		227C019B1E9CDB9200E05BF9 /* Build configuration list for PBXNativeTarget "AyitRestaurantBuyerTests" */ = {
			isa = XCConfigurationList;
			buildConfigurations = (
				227C019C1E9CDB9200E05BF9 /* Debug */,
				227C019D1E9CDB9200E05BF9 /* Release */,
			);
			defaultConfigurationIsVisible = 0;
			defaultConfigurationName = Release;
		};
		227C019E1E9CDB9200E05BF9 /* Build configuration list for PBXNativeTarget "AyitRestaurantBuyerUITests" */ = {
			isa = XCConfigurationList;
			buildConfigurations = (
				227C019F1E9CDB9200E05BF9 /* Debug */,
				227C01A01E9CDB9200E05BF9 /* Release */,
			);
			defaultConfigurationIsVisible = 0;
			defaultConfigurationName = Release;
		};
/* End XCConfigurationList section */
	};
	rootObject = 227C01631E9CDB9200E05BF9 /* Project object */;
}
